
Microsoft Visual Studio Solution File, Format Version 12.00
Project("{FAE04EC0-301F-11D3-BF4B-00C04F79EFBC}") = "Rest.AspNet", "Rest.AspNet\Rest.AspNet.csproj", "{ED89CC2B-0594-434A-B924-CC13CD49D873}"
EndProject
Global
	GlobalSection(SolutionConfigurationPlatforms) = preSolution
		Debug|Any CPU = Debug|Any CPU
		Release|Any CPU = Release|Any CPU
	EndGlobalSection
	GlobalSection(ProjectConfigurationPlatforms) = postSolution
		{ED89CC2B-0594-434A-B924-CC13CD49D873}.Debug|Any CPU.ActiveCfg = Debug|Any CPU
		{ED89CC2B-0594-434A-B924-CC13CD49D873}.Debug|Any CPU.Build.0 = Debug|Any CPU
		{ED89CC2B-0594-434A-B924-CC13CD49D873}.Release|Any CPU.ActiveCfg = Release|Any CPU
		{ED89CC2B-0594-434A-B924-CC13CD49D873}.Release|Any CPU.Build.0 = Release|Any CPU
	EndGlobalSection
EndGlobal
